
Microsoft Visual Studio Solution File, Format Version 12.00
# Visual Studio Version 17
VisualStudioVersion = 17.3.32922.545
MinimumVisualStudioVersion = 10.0.40219.1
Project("{FAE04EC0-301F-11D3-BF4B-00C04F79EFBC}") = "Week5_EX2", "Week5_EX2\Week5_EX2.csproj", "{9B8BB8C7-DFBC-4C4A-80E5-3710C25EEDE9}"
EndProject
Global
	GlobalSection(SolutionConfigurationPlatforms) = preSolution
		Debug|Any CPU = Debug|Any CPU
		Release|Any CPU = Release|Any CPU
	EndGlobalSection
	GlobalSection(ProjectConfigurationPlatforms) = postSolution
		{9B8BB8C7-DFBC-4C4A-80E5-3710C25EEDE9}.Debug|Any CPU.ActiveCfg = Debug|Any CPU
		{9B8BB8C7-DFBC-4C4A-80E5-3710C25EEDE9}.Debug|Any CPU.Build.0 = Debug|Any CPU
		{9B8BB8C7-DFBC-4C4A-80E5-3710C25EEDE9}.Release|Any CPU.ActiveCfg = Release|Any CPU
		{9B8BB8C7-DFBC-4C4A-80E5-3710C25EEDE9}.Release|Any CPU.Build.0 = Release|Any CPU
	EndGlobalSection
	GlobalSection(SolutionProperties) = preSolution
		HideSolutionNode = FALSE
	EndGlobalSection
	GlobalSection(ExtensibilityGlobals) = postSolution
		SolutionGuid = {145F04DD-83A7-4CE8-A746-78BDB5E30FF4}
	EndGlobalSection
EndGlobal
