
Microsoft Visual Studio Solution File, Format Version 12.00
# Visual Studio Version 17
VisualStudioVersion = 17.3.32922.545
MinimumVisualStudioVersion = 10.0.40219.1
Project("{FAE04EC0-301F-11D3-BF4B-00C04F79EFBC}") = "Week4_EX2", "Week4_EX2\Week4_EX2.csproj", "{4DBF2F64-0E30-444D-A894-54BAC5416955}"
EndProject
Global
	GlobalSection(SolutionConfigurationPlatforms) = preSolution
		Debug|Any CPU = Debug|Any CPU
		Release|Any CPU = Release|Any CPU
	EndGlobalSection
	GlobalSection(ProjectConfigurationPlatforms) = postSolution
		{4DBF2F64-0E30-444D-A894-54BAC5416955}.Debug|Any CPU.ActiveCfg = Debug|Any CPU
		{4DBF2F64-0E30-444D-A894-54BAC5416955}.Debug|Any CPU.Build.0 = Debug|Any CPU
		{4DBF2F64-0E30-444D-A894-54BAC5416955}.Release|Any CPU.ActiveCfg = Release|Any CPU
		{4DBF2F64-0E30-444D-A894-54BAC5416955}.Release|Any CPU.Build.0 = Release|Any CPU
	EndGlobalSection
	GlobalSection(SolutionProperties) = preSolution
		HideSolutionNode = FALSE
	EndGlobalSection
	GlobalSection(ExtensibilityGlobals) = postSolution
		SolutionGuid = {AE472D24-11DA-40AA-B825-E64D9D4D9ABC}
	EndGlobalSection
EndGlobal
